
Microsoft Visual Studio Solution File, Format Version 12.00
# Visual Studio Version 17
VisualStudioVersion = 17.5.33414.496
MinimumVisualStudioVersion = 10.0.40219.1
Project("{9A19103F-16F7-4668-BE54-9A1E7A4F7556}") = "API - Tarefa1", "API - Tarefa1\API - Tarefa1.csproj", "{0E28BCE3-2A32-4798-9FCC-392257C74590}"
EndProject
Global
	GlobalSection(SolutionConfigurationPlatforms) = preSolution
		Debug|Any CPU = Debug|Any CPU
		Release|Any CPU = Release|Any CPU
	EndGlobalSection
	GlobalSection(ProjectConfigurationPlatforms) = postSolution
		{0E28BCE3-2A32-4798-9FCC-392257C74590}.Debug|Any CPU.ActiveCfg = Debug|Any CPU
		{0E28BCE3-2A32-4798-9FCC-392257C74590}.Debug|Any CPU.Build.0 = Debug|Any CPU
		{0E28BCE3-2A32-4798-9FCC-392257C74590}.Release|Any CPU.ActiveCfg = Release|Any CPU
		{0E28BCE3-2A32-4798-9FCC-392257C74590}.Release|Any CPU.Build.0 = Release|Any CPU
	EndGlobalSection
	GlobalSection(SolutionProperties) = preSolution
		HideSolutionNode = FALSE
	EndGlobalSection
	GlobalSection(ExtensibilityGlobals) = postSolution
		SolutionGuid = {61884B21-704B-4705-8492-E325FB67A559}
	EndGlobalSection
EndGlobal
